<?xml version="1.0" encoding="utf-8"?>
<Project ToolsVersion="4.0" xmlns="http://schemas.microsoft.com/developer/msbuild/2003">
  <ItemGroup>
    <None Include="Test.pckinfo" />
  </ItemGroup>
  <ItemGroup>
    <Filter Include="src">
      <UniqueIdentifier>{3bfe0329-fc88-492f-91e6-fd0bcb2dc46e}</UniqueIdentifier>
    </Filter>
    <Filter Include="local_interfaces">
      <UniqueIdentifier>{6b41d04e-156b-4b78-91dc-fec2104a18ae}</UniqueIdentifier>
    </Filter>
  </ItemGroup>
  <ItemGroup>
    <ClCompile Include="src\maps_s1.cpp">
      <Filter>src</Filter>
    </ClCompile>
  </ItemGroup>
  <ItemGroup>
    <ClInclude Include="local_interfaces\maps_s1.h">
      <Filter>local_interfaces</Filter>
    </ClInclude>
  </ItemGroup>
</Project>