
Microsoft Visual Studio Solution File, Format Version 11.00
# Visual Studio 2012
Project("{4175E4EB-0F5A-4083-94A5-4115CC512E14}") = "rtmaps_samples", "samples.u\rtmaps_samples_vc2012.vcxproj", "{4175E4EB-0F5A-4083-94A5-4115CC512E14}"
EndProject
Global
	GlobalSection(SolutionConfigurationPlatforms) = preSolution
		Debug|Win32 = Debug|Win32
		Release|Win32 = Release|Win32
	EndGlobalSection
	GlobalSection(ProjectConfigurationPlatforms) = postSolution
		{4175E4EB-0F5A-4083-94A5-4115CC512E14}.Debug|Win32.ActiveCfg = Debug|Win32
		{4175E4EB-0F5A-4083-94A5-4115CC512E14}.Debug|Win32.Build.0 = Debug|Win32
		{4175E4EB-0F5A-4083-94A5-4115CC512E14}.Release|Win32.ActiveCfg = Release|Win32
		{4175E4EB-0F5A-4083-94A5-4115CC512E14}.Release|Win32.Build.0 = Release|Win32
	EndGlobalSection
	GlobalSection(SolutionProperties) = preSolution
		HideSolutionNode = FALSE
	EndGlobalSection
EndGlobal
